
Microsoft Visual Studio Solution File, Format Version 12.00
# Visual Studio Version 17
VisualStudioVersion = 17.14.36518.9
MinimumVisualStudioVersion = 10.0.40219.1
Project("{FAE04EC0-301F-11D3-BF4B-00C04F79EFBC}") = "ShopList.Gui", "ShopList.Gui\ShopList.Gui.csproj", "{F1AC993B-6871-4A49-9225-D583F7ADD23E}"
EndProject
Global
	GlobalSection(SolutionConfigurationPlatforms) = preSolution
		Debug|Any CPU = Debug|Any CPU
		Release|Any CPU = Release|Any CPU
	EndGlobalSection
	GlobalSection(ProjectConfigurationPlatforms) = postSolution
		{F1AC993B-6871-4A49-9225-D583F7ADD23E}.Debug|Any CPU.ActiveCfg = Debug|Any CPU
		{F1AC993B-6871-4A49-9225-D583F7ADD23E}.Debug|Any CPU.Build.0 = Debug|Any CPU
		{F1AC993B-6871-4A49-9225-D583F7ADD23E}.Release|Any CPU.ActiveCfg = Release|Any CPU
		{F1AC993B-6871-4A49-9225-D583F7ADD23E}.Release|Any CPU.Build.0 = Release|Any CPU
	EndGlobalSection
	GlobalSection(SolutionProperties) = preSolution
		HideSolutionNode = FALSE
	EndGlobalSection
	GlobalSection(ExtensibilityGlobals) = postSolution
		SolutionGuid = {6F7B66CF-75E1-4DEF-BC78-5BA37CAE317A}
	EndGlobalSection
EndGlobal
